
Microsoft Visual Studio Solution File, Format Version 12.00
# Visual Studio 15
VisualStudioVersion = 15.0.28307.329
MinimumVisualStudioVersion = 10.0.40219.1
Project("{FAE04EC0-301F-11D3-BF4B-00C04F79EFBC}") = "ConsoleTests", "Rama\ConsoleTests.csproj", "{78EA8D93-A685-4146-8B01-9FE29F51629C}"
EndProject
Project("{FAE04EC0-301F-11D3-BF4B-00C04F79EFBC}") = "WinformsTests", "WinformsTests\WinformsTests.csproj", "{AF551AA5-89FE-4A59-B84D-C185090391A7}"
EndProject
Project("{FAE04EC0-301F-11D3-BF4B-00C04F79EFBC}") = "DagerUtil", "GeneralUtil\DagerUtil.csproj", "{74809C56-570C-4BCB-B085-B7B093571091}"
EndProject
Project("{FAE04EC0-301F-11D3-BF4B-00C04F79EFBC}") = "DagerUtil.Test", "Util.Test\DagerUtil.Test.csproj", "{1FF4187E-9AA5-46AF-8FA2-FBD7B0F07714}"
EndProject
Project("{FAE04EC0-301F-11D3-BF4B-00C04F79EFBC}") = "EFMock", "DBUtil\EFMock.csproj", "{F62711CE-B7E4-4201-B062-28D60D157084}"
EndProject
Project("{2150E333-8FDC-42A3-9474-1A3956D46DE8}") = "Test", "Test", "{433C2F36-E0B6-4031-B7B1-8E5CD5F5CD84}"
EndProject
Project("{2150E333-8FDC-42A3-9474-1A3956D46DE8}") = "DagerUtils", "DagerUtils", "{5A3A768E-C421-492A-BB0A-A12590A1465D}"
EndProject
Project("{2150E333-8FDC-42A3-9474-1A3956D46DE8}") = "DBUtils", "DBUtils", "{82197360-0D80-404E-936C-9CB85A214422}"
EndProject
Project("{FAE04EC0-301F-11D3-BF4B-00C04F79EFBC}") = "QueryFactory", "QueryFactory\QueryFactory.csproj", "{AABFD8D7-855E-467E-B4F8-356736251DF5}"
EndProject
Project("{FAE04EC0-301F-11D3-BF4B-00C04F79EFBC}") = "QueryFactoryTests", "QueryFactoryTests\QueryFactoryTests.csproj", "{21F64CDD-B74E-4EC8-860B-62C11FCBE514}"
EndProject
Global
	GlobalSection(SolutionConfigurationPlatforms) = preSolution
		Debug|Any CPU = Debug|Any CPU
		Debug|x86 = Debug|x86
		Release|Any CPU = Release|Any CPU
		Release|x86 = Release|x86
	EndGlobalSection
	GlobalSection(ProjectConfigurationPlatforms) = postSolution
		{78EA8D93-A685-4146-8B01-9FE29F51629C}.Debug|Any CPU.ActiveCfg = Debug|Any CPU
		{78EA8D93-A685-4146-8B01-9FE29F51629C}.Debug|Any CPU.Build.0 = Debug|Any CPU
		{78EA8D93-A685-4146-8B01-9FE29F51629C}.Debug|x86.ActiveCfg = Debug|x86
		{78EA8D93-A685-4146-8B01-9FE29F51629C}.Debug|x86.Build.0 = Debug|x86
		{78EA8D93-A685-4146-8B01-9FE29F51629C}.Release|Any CPU.ActiveCfg = Release|Any CPU
		{78EA8D93-A685-4146-8B01-9FE29F51629C}.Release|Any CPU.Build.0 = Release|Any CPU
		{78EA8D93-A685-4146-8B01-9FE29F51629C}.Release|x86.ActiveCfg = Release|x86
		{78EA8D93-A685-4146-8B01-9FE29F51629C}.Release|x86.Build.0 = Release|x86
		{AF551AA5-89FE-4A59-B84D-C185090391A7}.Debug|Any CPU.ActiveCfg = Debug|Any CPU
		{AF551AA5-89FE-4A59-B84D-C185090391A7}.Debug|Any CPU.Build.0 = Debug|Any CPU
		{AF551AA5-89FE-4A59-B84D-C185090391A7}.Debug|x86.ActiveCfg = Debug|x86
		{AF551AA5-89FE-4A59-B84D-C185090391A7}.Debug|x86.Build.0 = Debug|x86
		{AF551AA5-89FE-4A59-B84D-C185090391A7}.Release|Any CPU.ActiveCfg = Release|Any CPU
		{AF551AA5-89FE-4A59-B84D-C185090391A7}.Release|Any CPU.Build.0 = Release|Any CPU
		{AF551AA5-89FE-4A59-B84D-C185090391A7}.Release|x86.ActiveCfg = Release|x86
		{AF551AA5-89FE-4A59-B84D-C185090391A7}.Release|x86.Build.0 = Release|x86
		{74809C56-570C-4BCB-B085-B7B093571091}.Debug|Any CPU.ActiveCfg = Debug|Any CPU
		{74809C56-570C-4BCB-B085-B7B093571091}.Debug|Any CPU.Build.0 = Debug|Any CPU
		{74809C56-570C-4BCB-B085-B7B093571091}.Debug|x86.ActiveCfg = Debug|x86
		{74809C56-570C-4BCB-B085-B7B093571091}.Debug|x86.Build.0 = Debug|x86
		{74809C56-570C-4BCB-B085-B7B093571091}.Release|Any CPU.ActiveCfg = Release|Any CPU
		{74809C56-570C-4BCB-B085-B7B093571091}.Release|Any CPU.Build.0 = Release|Any CPU
		{74809C56-570C-4BCB-B085-B7B093571091}.Release|x86.ActiveCfg = Release|x86
		{74809C56-570C-4BCB-B085-B7B093571091}.Release|x86.Build.0 = Release|x86
		{1FF4187E-9AA5-46AF-8FA2-FBD7B0F07714}.Debug|Any CPU.ActiveCfg = Debug|Any CPU
		{1FF4187E-9AA5-46AF-8FA2-FBD7B0F07714}.Debug|Any CPU.Build.0 = Debug|Any CPU
		{1FF4187E-9AA5-46AF-8FA2-FBD7B0F07714}.Debug|x86.ActiveCfg = Debug|x86
		{1FF4187E-9AA5-46AF-8FA2-FBD7B0F07714}.Debug|x86.Build.0 = Debug|x86
		{1FF4187E-9AA5-46AF-8FA2-FBD7B0F07714}.Release|Any CPU.ActiveCfg = Release|Any CPU
		{1FF4187E-9AA5-46AF-8FA2-FBD7B0F07714}.Release|Any CPU.Build.0 = Release|Any CPU
		{1FF4187E-9AA5-46AF-8FA2-FBD7B0F07714}.Release|x86.ActiveCfg = Release|x86
		{1FF4187E-9AA5-46AF-8FA2-FBD7B0F07714}.Release|x86.Build.0 = Release|x86
		{F62711CE-B7E4-4201-B062-28D60D157084}.Debug|Any CPU.ActiveCfg = Debug|Any CPU
		{F62711CE-B7E4-4201-B062-28D60D157084}.Debug|Any CPU.Build.0 = Debug|Any CPU
		{F62711CE-B7E4-4201-B062-28D60D157084}.Debug|x86.ActiveCfg = Debug|Any CPU
		{F62711CE-B7E4-4201-B062-28D60D157084}.Debug|x86.Build.0 = Debug|Any CPU
		{F62711CE-B7E4-4201-B062-28D60D157084}.Release|Any CPU.ActiveCfg = Release|Any CPU
		{F62711CE-B7E4-4201-B062-28D60D157084}.Release|Any CPU.Build.0 = Release|Any CPU
		{F62711CE-B7E4-4201-B062-28D60D157084}.Release|x86.ActiveCfg = Release|Any CPU
		{F62711CE-B7E4-4201-B062-28D60D157084}.Release|x86.Build.0 = Release|Any CPU
		{AABFD8D7-855E-467E-B4F8-356736251DF5}.Debug|Any CPU.ActiveCfg = Debug|Any CPU
		{AABFD8D7-855E-467E-B4F8-356736251DF5}.Debug|Any CPU.Build.0 = Debug|Any CPU
		{AABFD8D7-855E-467E-B4F8-356736251DF5}.Debug|x86.ActiveCfg = Debug|Any CPU
		{AABFD8D7-855E-467E-B4F8-356736251DF5}.Debug|x86.Build.0 = Debug|Any CPU
		{AABFD8D7-855E-467E-B4F8-356736251DF5}.Release|Any CPU.ActiveCfg = Release|Any CPU
		{AABFD8D7-855E-467E-B4F8-356736251DF5}.Release|Any CPU.Build.0 = Release|Any CPU
		{AABFD8D7-855E-467E-B4F8-356736251DF5}.Release|x86.ActiveCfg = Release|Any CPU
		{AABFD8D7-855E-467E-B4F8-356736251DF5}.Release|x86.Build.0 = Release|Any CPU
		{21F64CDD-B74E-4EC8-860B-62C11FCBE514}.Debug|Any CPU.ActiveCfg = Debug|Any CPU
		{21F64CDD-B74E-4EC8-860B-62C11FCBE514}.Debug|Any CPU.Build.0 = Debug|Any CPU
		{21F64CDD-B74E-4EC8-860B-62C11FCBE514}.Debug|x86.ActiveCfg = Debug|Any CPU
		{21F64CDD-B74E-4EC8-860B-62C11FCBE514}.Debug|x86.Build.0 = Debug|Any CPU
		{21F64CDD-B74E-4EC8-860B-62C11FCBE514}.Release|Any CPU.ActiveCfg = Release|Any CPU
		{21F64CDD-B74E-4EC8-860B-62C11FCBE514}.Release|Any CPU.Build.0 = Release|Any CPU
		{21F64CDD-B74E-4EC8-860B-62C11FCBE514}.Release|x86.ActiveCfg = Release|Any CPU
		{21F64CDD-B74E-4EC8-860B-62C11FCBE514}.Release|x86.Build.0 = Release|Any CPU
	EndGlobalSection
	GlobalSection(SolutionProperties) = preSolution
		HideSolutionNode = FALSE
	EndGlobalSection
	GlobalSection(NestedProjects) = preSolution
		{78EA8D93-A685-4146-8B01-9FE29F51629C} = {433C2F36-E0B6-4031-B7B1-8E5CD5F5CD84}
		{AF551AA5-89FE-4A59-B84D-C185090391A7} = {433C2F36-E0B6-4031-B7B1-8E5CD5F5CD84}
		{74809C56-570C-4BCB-B085-B7B093571091} = {5A3A768E-C421-492A-BB0A-A12590A1465D}
		{1FF4187E-9AA5-46AF-8FA2-FBD7B0F07714} = {5A3A768E-C421-492A-BB0A-A12590A1465D}
		{F62711CE-B7E4-4201-B062-28D60D157084} = {82197360-0D80-404E-936C-9CB85A214422}
		{AABFD8D7-855E-467E-B4F8-356736251DF5} = {82197360-0D80-404E-936C-9CB85A214422}
		{21F64CDD-B74E-4EC8-860B-62C11FCBE514} = {82197360-0D80-404E-936C-9CB85A214422}
	EndGlobalSection
	GlobalSection(ExtensibilityGlobals) = postSolution
		SolutionGuid = {1B7477CD-4891-41D5-B75A-855B6681B0A1}
	EndGlobalSection
EndGlobal
